Microsoft Visual Studio Solution File, Format Version 12.00
# Visual Studio Version 17
VisualStudioVersion = 17.5.2.0
MinimumVisualStudioVersion = 10.0.40219.1
Project("{FAE04EC0-301F-11D3-BF4B-00C04F79EFBC}") = "JustyBase.Database.Sample", "JustyBase.Database.Sample.csproj", "{8845F199-B63C-FFC8-54CF-6739C2B96FAB}"
EndProject
Global
	GlobalSection(SolutionConfigurationPlatforms) = preSolution
		Debug|Any CPU = Debug|Any CPU
		Release|Any CPU = Release|Any CPU
	EndGlobalSection
	GlobalSection(ProjectConfigurationPlatforms) = postSolution
		{8845F199-B63C-FFC8-54CF-6739C2B96FAB}.Debug|Any CPU.ActiveCfg = Debug|Any CPU
		{8845F199-B63C-FFC8-54CF-6739C2B96FAB}.Debug|Any CPU.Build.0 = Debug|Any CPU
		{8845F199-B63C-FFC8-54CF-6739C2B96FAB}.Release|Any CPU.ActiveCfg = Release|Any CPU
		{8845F199-B63C-FFC8-54CF-6739C2B96FAB}.Release|Any CPU.Build.0 = Release|Any CPU
	EndGlobalSection
	GlobalSection(SolutionProperties) = preSolution
		HideSolutionNode = FALSE
	EndGlobalSection
	GlobalSection(ExtensibilityGlobals) = postSolution
		SolutionGuid = {C8B6B0BF-9A1D-4EAB-A1F9-AC769F5F5CF6}
	EndGlobalSection
EndGlobal
