Microsoft Visual Studio Solution File, Format Version 12.00
# Visual Studio Version 17
VisualStudioVersion = 17.5.2.0
MinimumVisualStudioVersion = 10.0.40219.1
Project("{FAE04EC0-301F-11D3-BF4B-00C04F79EFBC}") = "JustyBase", "JustyBase.csproj", "{BC238147-587A-72C2-8DEB-12A815F0F715}"
EndProject
Global
	GlobalSection(SolutionConfigurationPlatforms) = preSolution
		Debug|Any CPU = Debug|Any CPU
		Release|Any CPU = Release|Any CPU
	EndGlobalSection
	GlobalSection(ProjectConfigurationPlatforms) = postSolution
		{BC238147-587A-72C2-8DEB-12A815F0F715}.Debug|Any CPU.ActiveCfg = Debug|Any CPU
		{BC238147-587A-72C2-8DEB-12A815F0F715}.Debug|Any CPU.Build.0 = Debug|Any CPU
		{BC238147-587A-72C2-8DEB-12A815F0F715}.Release|Any CPU.ActiveCfg = Release|Any CPU
		{BC238147-587A-72C2-8DEB-12A815F0F715}.Release|Any CPU.Build.0 = Release|Any CPU
	EndGlobalSection
	GlobalSection(SolutionProperties) = preSolution
		HideSolutionNode = FALSE
	EndGlobalSection
	GlobalSection(ExtensibilityGlobals) = postSolution
		SolutionGuid = {EDB1A302-B1D7-4717-AC8A-4F725E8F73C2}
	EndGlobalSection
EndGlobal
